<?xml version="1.0" encoding="utf-8"?>
<Project ToolsVersion="4.0" xmlns="http://schemas.microsoft.com/developer/msbuild/2003">
  <ItemGroup>
    <Filter Include="Source Files">
      <UniqueIdentifier>{4FC737F1-C7A5-4376-A066-2A32D752A2FF}</UniqueIdentifier>
      <Extensions>cpp;c;cc;cxx;c++;cppm;ixx;def;odl;idl;hpj;bat;asm;asmx</Extensions>
    </Filter>
    <Filter Include="Header Files">
      <UniqueIdentifier>{93995380-89BD-4b04-88EB-625FBE52EBFB}</UniqueIdentifier>
      <Extensions>h;hh;hpp;hxx;h++;hm;inl;inc;ipp;xsd</Extensions>
    </Filter>
    <Filter Include="Resource Files">
      <UniqueIdentifier>{67DA6AB6-F800-4c08-8B7A-83BB121AAD01}</UniqueIdentifier>
      <Extensions>rc;ico;cur;bmp;dlg;rc2;rct;bin;rgs;gif;jpg;jpeg;jpe;resx;tiff;tif;png;wav;mfcribbon-ms</Extensions>
    </Filter>
    <Filter Include="Header Files\Graphics">
      <UniqueIdentifier>{ef1e2a62-d5e0-479f-9735-2180806fa225}</UniqueIdentifier>
    </Filter>
    <Filter Include="Source Files\Graphics">
      <UniqueIdentifier>{170ef269-452c-4864-ae92-3dc3d04f67d0}</UniqueIdentifier>
    </Filter>
    <Filter Include="Header Files\Managers">
      <UniqueIdentifier>{dc13b7c9-f0da-4496-86a1-674e1061e79e}</UniqueIdentifier>
    </Filter>
    <Filter Include="Header Files\Components">
      <UniqueIdentifier>{fc5e0c13-8bef-4cbf-b283-c1a4813f3a17}</UniqueIdentifier>
    </Filter>
    <Filter Include="Source Files\Managers">
      <UniqueIdentifier>{4b4be1ad-597e-4ce7-9fc1-86abdf0a0461}</UniqueIdentifier>
    </Filter>
    <Filter Include="Source Files\Components">
      <UniqueIdentifier>{388d3e62-215c-488f-b2bb-58fe977891fa}</UniqueIdentifier>
    </Filter>
    <Filter Include="Header Files\DIContainer">
      <UniqueIdentifier>{039df2d2-a177-4930-bffe-32f4e1d6e320}</UniqueIdentifier>
    </Filter>
    <Filter Include="Source Files\DIContainer">
      <UniqueIdentifier>{3d8e1f06-9ad3-4161-8bc9-73375d9e5c25}</UniqueIdentifier>
    </Filter>
    <Filter Include="Header Files\Engine">
      <UniqueIdentifier>{5be3305a-0fc0-4c0c-80d1-6153fde24078}</UniqueIdentifier>
    </Filter>
    <Filter Include="Source Files\Engine">
      <UniqueIdentifier>{9bf3a374-bd1f-4884-9b96-ffd318832401}</UniqueIdentifier>
    </Filter>
    <Filter Include="Header Files\Graphics\Vulkan">
      <UniqueIdentifier>{fcd9084a-45f9-41e5-aa19-b9ebc43d08f5}</UniqueIdentifier>
    </Filter>
    <Filter Include="Source Files\Graphics\Vulkan">
      <UniqueIdentifier>{2a5a53b6-15a3-4949-b8b0-da038ccb43a9}</UniqueIdentifier>
    </Filter>
    <Filter Include="Source Files\Lib">
      <UniqueIdentifier>{4210ac1b-d860-4bad-a4c8-6a14020e27ff}</UniqueIdentifier>
    </Filter>
    <Filter Include="Source Files\Lib\SPIRVReflect">
      <UniqueIdentifier>{6d45d42a-aa9f-44c3-bec2-6f7858d3a6a6}</UniqueIdentifier>
    </Filter>
    <Filter Include="Source Files\Lib\ImGui">
      <UniqueIdentifier>{eaaa8193-ca25-4847-b3dc-9aebeb4b1d34}</UniqueIdentifier>
    </Filter>
    <Filter Include="Header Files\Graphics\Vulkan\ReSTIR">
      <UniqueIdentifier>{c4fcb619-6ff0-4593-9c1a-a2a9d3f2283d}</UniqueIdentifier>
    </Filter>
    <Filter Include="Header Files\Graphics\Vulkan\Base">
      <UniqueIdentifier>{a5500bda-aabe-470c-9d54-05719ae7e197}</UniqueIdentifier>
    </Filter>
    <Filter Include="Source Files\Graphics\Vulkan\Base">
      <UniqueIdentifier>{8417eaad-6282-4f9c-95c4-43fdcbe725a3}</UniqueIdentifier>
    </Filter>
    <Filter Include="Source Files\Graphics\Vulkan\ReSTIR">
      <UniqueIdentifier>{d9df949b-09bd-4c2e-bc05-85b5a47ae44d}</UniqueIdentifier>
    </Filter>
    <Filter Include="Resource Files\Shaders">
      <UniqueIdentifier>{ce45099d-4017-49c7-b345-d22adc7bd0c0}</UniqueIdentifier>
    </Filter>
    <Filter Include="Resource Files\Materials">
      <UniqueIdentifier>{dd286831-4e90-4a01-9a53-ea186675f01f}</UniqueIdentifier>
    </Filter>
    <Filter Include="Source Files\Graphics\RenderGraph">
      <UniqueIdentifier>{78818632-f407-4c27-963d-a256129793bc}</UniqueIdentifier>
    </Filter>
    <Filter Include="Header Files\Graphics\Rendergraph">
      <UniqueIdentifier>{008b75e4-f6ce-41d3-8612-cde4d21a637e}</UniqueIdentifier>
    </Filter>
    <Filter Include="Header Files\AssetManagement">
      <UniqueIdentifier>{577452d7-83e5-43d8-b253-47f034df8b26}</UniqueIdentifier>
    </Filter>
    <Filter Include="Source Files\AssetManagement">
      <UniqueIdentifier>{5486d99b-7332-465f-8e9d-a86784585ad1}</UniqueIdentifier>
    </Filter>
    <Filter Include="Header Files\AssetManagement\Descriptors">
      <UniqueIdentifier>{e7c1ce10-35cb-45c8-a20e-9acb71becfbd}</UniqueIdentifier>
    </Filter>
    <Filter Include="Header Files\AssetManagement\Compilers">
      <UniqueIdentifier>{64bfb25b-88b4-48de-9d1b-e1f29ce90056}</UniqueIdentifier>
    </Filter>
    <Filter Include="Source Files\AssetManagement\Descriptors">
      <UniqueIdentifier>{37a3158e-6526-4f56-9fd7-878431851abf}</UniqueIdentifier>
    </Filter>
    <Filter Include="Source Files\AssetManagement\Compilers">
      <UniqueIdentifier>{8a998d8a-0650-4cbe-8b06-8819640da7cd}</UniqueIdentifier>
    </Filter>
  </ItemGroup>
  <ItemGroup>
    <ClInclude Include="..\inc\Graphics\Font.h">
      <Filter>Header Files\Graphics</Filter>
    </ClInclude>
    <ClInclude Include="..\inc\Graphics\GraphicsDefine.h">
      <Filter>Header Files\Graphics</Filter>
    </ClInclude>
    <ClInclude Include="..\inc\Graphics\Material.h">
      <Filter>Header Files\Graphics</Filter>
    </ClInclude>
    <ClInclude Include="..\inc\Graphics\Model.h">
      <Filter>Header Files\Graphics</Filter>
    </ClInclude>
    <ClInclude Include="..\inc\Graphics\Shader.h">
      <Filter>Header Files\Graphics</Filter>
    </ClInclude>
    <ClInclude Include="..\inc\Graphics\Texture.h">
      <Filter>Header Files\Graphics</Filter>
    </ClInclude>
    <ClInclude Include="..\inc\Managers\GraphicsSystem.h">
      <Filter>Header Files\Managers</Filter>
    </ClInclude>
    <ClInclude Include="..\inc\Managers\WindowsManager.h">
      <Filter>Header Files\Managers</Filter>
    </ClInclude>
    <ClInclude Include="..\inc\Components\Camera.h">
      <Filter>Header Files\Components</Filter>
    </ClInclude>
    <ClInclude Include="..\inc\Components\MeshRenderer.h">
      <Filter>Header Files\Components</Filter>
    </ClInclude>
    <ClInclude Include="..\inc\Components\Transform.h">
      <Filter>Header Files\Components</Filter>
    </ClInclude>
    <ClInclude Include="..\inc\Managers\ResourceManager.h">
      <Filter>Header Files\Managers</Filter>
    </ClInclude>
    <ClInclude Include="..\inc\Managers\EntityManager.h">
      <Filter>Header Files\Managers</Filter>
    </ClInclude>
    <ClInclude Include="..\inc\Managers\ManagerBase.h">
      <Filter>Header Files\Managers</Filter>
    </ClInclude>
    <ClInclude Include="..\inc\DIContainer\DIContainer.h">
      <Filter>Header Files\DIContainer</Filter>
    </ClInclude>
    <ClInclude Include="..\inc\Engine\Engine.h">
      <Filter>Header Files\Engine</Filter>
    </ClInclude>
    <ClInclude Include="..\inc\Managers\RendererManager.h">
      <Filter>Header Files\Managers</Filter>
    </ClInclude>
    <ClInclude Include="..\inc\Managers\EngineUIManager.h">
      <Filter>Header Files\Managers</Filter>
    </ClInclude>
    <ClInclude Include="..\inc\Graphics\RendererBase.h">
      <Filter>Header Files\Graphics</Filter>
    </ClInclude>
    <ClInclude Include="..\inc\Managers\MaterialManager.h">
      <Filter>Header Files\Managers</Filter>
    </ClInclude>
    <ClInclude Include="..\inc\Managers\JSONManager.h">
      <Filter>Header Files\Managers</Filter>
    </ClInclude>
    <ClInclude Include="..\inc\Managers\RaytraceManager.h">
      <Filter>Header Files\Managers</Filter>
    </ClInclude>
    <ClInclude Include="..\inc\Managers\AssetManager.h">
      <Filter>Header Files\Managers</Filter>
    </ClInclude>
    <ClInclude Include="..\inc\Managers\LightingSystem.h">
      <Filter>Header Files\Managers</Filter>
    </ClInclude>
    <ClInclude Include="..\inc\Components\Light.h">
      <Filter>Header Files\Components</Filter>
    </ClInclude>
    <ClInclude Include="..\inc\Graphics\VulkanReSTIRHandler.h">
      <Filter>Header Files\Graphics\Vulkan\ReSTIR</Filter>
    </ClInclude>
    <ClInclude Include="..\inc\Graphics\VulkanDescriptor.h">
      <Filter>Header Files\Graphics\Vulkan\Base</Filter>
    </ClInclude>
    <ClInclude Include="..\inc\Graphics\VulkanDescriptorPool.h">
      <Filter>Header Files\Graphics\Vulkan\Base</Filter>
    </ClInclude>
    <ClInclude Include="..\inc\Graphics\VulkanDescriptorWriter.h">
      <Filter>Header Files\Graphics\Vulkan\Base</Filter>
    </ClInclude>
    <ClInclude Include="..\inc\Graphics\VulkanLoader.h">
      <Filter>Header Files\Graphics\Vulkan\Base</Filter>
    </ClInclude>
    <ClInclude Include="..\inc\Graphics\VulkanPipeline.h">
      <Filter>Header Files\Graphics\Vulkan\Base</Filter>
    </ClInclude>
    <ClInclude Include="..\inc\Graphics\VulkanRenderer.h">
      <Filter>Header Files\Graphics\Vulkan\Base</Filter>
    </ClInclude>
    <ClInclude Include="..\inc\Graphics\VulkanShader.h">
      <Filter>Header Files\Graphics\Vulkan\Base</Filter>
    </ClInclude>
    <ClInclude Include="..\inc\Graphics\VulkanTypes.h">
      <Filter>Header Files\Graphics\Vulkan\Base</Filter>
    </ClInclude>
    <ClInclude Include="..\inc\Graphics\VulkanUtils.h">
      <Filter>Header Files\Graphics\Vulkan\Base</Filter>
    </ClInclude>
    <ClInclude Include="..\inc\AssetManagement\Compilers\AssetCompilerBase.h">
      <Filter>Header Files\AssetManagement\Compilers</Filter>
    </ClInclude>
    <ClInclude Include="..\inc\AssetManagement\Compilers\ShaderCompiler.h">
      <Filter>Header Files\AssetManagement\Compilers</Filter>
    </ClInclude>
  </ItemGroup>
  <ItemGroup>
    <ClCompile Include="..\src\Graphics\Font.cpp">
      <Filter>Source Files\Graphics</Filter>
    </ClCompile>
    <ClCompile Include="..\src\Graphics\Material.cpp">
      <Filter>Source Files\Graphics</Filter>
    </ClCompile>
    <ClCompile Include="..\src\Graphics\Model.cpp">
      <Filter>Source Files\Graphics</Filter>
    </ClCompile>
    <ClCompile Include="..\src\Graphics\Shader.cpp">
      <Filter>Source Files\Graphics</Filter>
    </ClCompile>
    <ClCompile Include="..\src\Graphics\Texture.cpp">
      <Filter>Source Files\Graphics</Filter>
    </ClCompile>
    <ClCompile Include="..\src\Managers\GraphicsSystem.cpp">
      <Filter>Source Files\Managers</Filter>
    </ClCompile>
    <ClCompile Include="..\src\Managers\WindowsManager.cpp">
      <Filter>Source Files\Managers</Filter>
    </ClCompile>
    <ClCompile Include="..\src\Components\Camera.cpp">
      <Filter>Source Files\Components</Filter>
    </ClCompile>
    <ClCompile Include="..\src\Components\MeshRenderer.cpp">
      <Filter>Source Files\Components</Filter>
    </ClCompile>
    <ClCompile Include="..\src\Components\Transform.cpp">
      <Filter>Source Files\Components</Filter>
    </ClCompile>
    <ClCompile Include="..\src\Managers\ResourceManager.cpp">
      <Filter>Source Files\Managers</Filter>
    </ClCompile>
    <ClCompile Include="..\src\Managers\EntityManager.cpp">
      <Filter>Source Files\Managers</Filter>
    </ClCompile>
    <ClCompile Include="..\src\DIContainer\DIContainer.cpp">
      <Filter>Source Files\DIContainer</Filter>
    </ClCompile>
    <ClCompile Include="..\src\main.cpp">
      <Filter>Source Files</Filter>
    </ClCompile>
    <ClCompile Include="..\src\Engine\Engine.cpp">
      <Filter>Source Files\Engine</Filter>
    </ClCompile>
    <ClCompile Include="..\src\Managers\RendererManager.cpp">
      <Filter>Source Files\Managers</Filter>
    </ClCompile>
    <ClCompile Include="..\lib\imgui-1.91.0-docking\imgui.cpp">
      <Filter>Source Files\Lib\ImGui</Filter>
    </ClCompile>
    <ClCompile Include="..\lib\imgui-1.91.0-docking\imgui_draw.cpp">
      <Filter>Source Files\Lib\ImGui</Filter>
    </ClCompile>
    <ClCompile Include="..\lib\imgui-1.91.0-docking\backends\imgui_impl_glfw.cpp">
      <Filter>Source Files\Lib\ImGui</Filter>
    </ClCompile>
    <ClCompile Include="..\lib\imgui-1.91.0-docking\backends\imgui_impl_vulkan.cpp">
      <Filter>Source Files\Lib\ImGui</Filter>
    </ClCompile>
    <ClCompile Include="..\lib\imgui-1.91.0-docking\imgui_tables.cpp">
      <Filter>Source Files\Lib\ImGui</Filter>
    </ClCompile>
    <ClCompile Include="..\lib\imgui-1.91.0-docking\imgui_widgets.cpp">
      <Filter>Source Files\Lib\ImGui</Filter>
    </ClCompile>
    <ClCompile Include="..\src\Managers\EngineUIManager.cpp">
      <Filter>Source Files\Managers</Filter>
    </ClCompile>
    <ClCompile Include="..\src\Managers\MaterialManager.cpp">
      <Filter>Source Files\Managers</Filter>
    </ClCompile>
    <ClCompile Include="..\src\Managers\JSONManager.cpp">
      <Filter>Source Files\Managers</Filter>
    </ClCompile>
    <ClCompile Include="..\lib\SPIRV-Reflect-main\spirv_reflect.cpp">
      <Filter>Source Files\Lib\SPIRVReflect</Filter>
    </ClCompile>
    <ClCompile Include="..\src\Managers\RaytraceManager.cpp">
      <Filter>Source Files\Managers</Filter>
    </ClCompile>
    <ClCompile Include="..\src\Managers\AssetManager.cpp">
      <Filter>Source Files\Managers</Filter>
    </ClCompile>
    <ClCompile Include="..\src\Managers\LightingSystem.cpp">
      <Filter>Source Files\Managers</Filter>
    </ClCompile>
    <ClCompile Include="..\src\Components\Light.cpp">
      <Filter>Source Files\Components</Filter>
    </ClCompile>
    <ClCompile Include="..\src\Graphics\VulkanReSTIRHandler.cpp">
      <Filter>Source Files\Graphics\Vulkan\ReSTIR</Filter>
    </ClCompile>
    <ClCompile Include="..\src\Graphics\VulkanDescriptor.cpp">
      <Filter>Source Files\Graphics\Vulkan\Base</Filter>
    </ClCompile>
    <ClCompile Include="..\src\Graphics\VulkanDescriptorPool.cpp">
      <Filter>Source Files\Graphics\Vulkan\Base</Filter>
    </ClCompile>
    <ClCompile Include="..\src\Graphics\VulkanDescriptorWriter.cpp">
      <Filter>Source Files\Graphics\Vulkan\Base</Filter>
    </ClCompile>
    <ClCompile Include="..\src\Graphics\VulkanLoader.cpp">
      <Filter>Source Files\Graphics\Vulkan\Base</Filter>
    </ClCompile>
    <ClCompile Include="..\src\Graphics\VulkanPipeline.cpp">
      <Filter>Source Files\Graphics\Vulkan\Base</Filter>
    </ClCompile>
    <ClCompile Include="..\src\Graphics\VulkanRenderer.cpp">
      <Filter>Source Files\Graphics\Vulkan\Base</Filter>
    </ClCompile>
    <ClCompile Include="..\src\Graphics\VulkanShader.cpp">
      <Filter>Source Files\Graphics\Vulkan\Base</Filter>
    </ClCompile>
    <ClCompile Include="..\src\Graphics\VulkanTypes.cpp">
      <Filter>Source Files\Graphics\Vulkan\Base</Filter>
    </ClCompile>
    <ClCompile Include="..\src\AssetManagement\Compilers\AssetCompilerBase.cpp">
      <Filter>Source Files\AssetManagement\Compilers</Filter>
    </ClCompile>
    <ClCompile Include="..\src\AssetManagement\Compilers\ShaderCompiler.cpp">
      <Filter>Source Files\AssetManagement\Compilers</Filter>
    </ClCompile>
  </ItemGroup>
  <ItemGroup>
    <None Include="..\Assets\Resources\Materials\FloorMat.material">
      <Filter>Resource Files\Materials</Filter>
    </None>
    <None Include="..\Assets\Resources\Materials\PBR.material">
      <Filter>Resource Files\Materials</Filter>
    </None>
    <None Include="..\Assets\Exported\Shaders\Base.frag.slang">
      <Filter>Resource Files\Shaders</Filter>
    </None>
    <None Include="..\Assets\Exported\Shaders\Base.vert.slang">
      <Filter>Resource Files\Shaders</Filter>
    </None>
  </ItemGroup>
</Project>